dependencies:
- name: kratos
  repository: file://../kratos
  version: 1.6.19
- name: kratos-selfservice-ui-node
  repository: file://../kratos-selfservice-ui-node
  version: 1.6.0
- name: archivista
  repository: file://../archivista
  version: 1.6.10
- name: judge-api
  repository: file://../judge-api
  version: 1.6.10
- name: dapr
  repository: file://../dapr
  version: 1.14.5
- name: judge-web
  repository: file://../judge-web
  version: 1.6.1
- name: dex
  repository: file://../dex
  version: 0.17.0
- name: fulcio
  repository: file://../fulcio
  version: 2.3.18
- name: tsa
  repository: file://../tsa
  version: 1.6.0
- name: ollama
  repository: file://../ollama
  version: 0.1.0
- name: judge-ai-proxy
  repository: file://../judge-ai-proxy
  version: 0.1.0
- name: localstack
  repository: file://../localstack
  version: 0.1.4
- name: postgresql
  repository: file://../postgresql
  version: 0.1.1
- name: preview-router
  repository: file://../preview-router
  version: 0.1.0
digest: sha256:951d3eb337e49c1d3ce9a132301cfeef9df83266aaff265e3bd39db9133d69bb
generated: "2025-10-17T10:52:08.051717-05:00"
