dependencies:
- name: mysql
  repository: file://../mysql
  version: 1.6.0
- name: minio
  repository: file://../minio
  version: 0.1.1
- name: kratos
  repository: file://../kratos
  version: 1.6.12
- name: kratos-selfservice-ui-node
  repository: file://../kratos-selfservice-ui-node
  version: 1.6.0
- name: archivista
  repository: file://../archivista
  version: 1.6.8
- name: judge-api
  repository: file://../judge-api
  version: 1.6.9
- name: dapr
  repository: file://../dapr
  version: 1.14.4
- name: judge-web
  repository: file://../judge-web
  version: 1.6.0
- name: dex
  repository: file://../dex
  version: 0.17.0
- name: fulcio
  repository: file://../fulcio
  version: 2.3.18
- name: tsa
  repository: file://../tsa
  version: 1.6.0
- name: ollama
  repository: file://../ollama
  version: 0.1.0
- name: judge-ai-proxy
  repository: file://../judge-ai-proxy
  version: 0.1.0
- name: localstack
  repository: file://../localstack
  version: 0.1.2
- name: postgresql
  repository: file://../postgresql
  version: 0.1.1
digest: sha256:8950f25005817e0d51d16a8736db590ed52b6fbd6afe006a38f8b3eb835c0f0c
generated: "2025-10-17T01:01:09.849683-05:00"
