dependencies:
- name: judge-preflight
  repository: file://../judge-preflight
  version: 0.1.16
- name: kratos
  repository: file://../kratos
  version: 1.6.30
- name: kratos-selfservice-ui-node
  repository: file://../kratos-selfservice-ui-node
  version: 1.6.9
- name: archivista
  repository: file://../archivista
  version: 1.6.17
- name: judge-api
  repository: file://../judge-api
  version: 1.6.18
- name: dapr
  repository: file://../dapr
  version: 1.14.5
- name: judge-web
  repository: file://../judge-web
  version: 1.6.4
- name: fulcio
  repository: file://../fulcio
  version: 2.3.30
- name: tsa
  repository: file://../tsa
  version: 1.6.8
- name: judge-ai-proxy
  repository: file://../judge-ai-proxy
  version: 0.1.1
- name: localstack
  repository: file://../localstack
  version: 0.1.10
- name: postgresql
  repository: file://../postgresql
  version: 0.1.1
- name: preview-router
  repository: file://../preview-router
  version: 0.1.1
digest: sha256:1b9fb3b64b48ad5574a202cea162cc4868110df07800d61b045e78f12d7807be
generated: "2025-10-23T08:47:19.22353-05:00"
